
Microsoft Visual Studio Solution File, Format Version 12.00
Project("{FAE04EC0-301F-11D3-BF4B-00C04F79EFBC}") = "ProjectManagementSystem", "ProjectManagementSystem\ProjectManagementSystem.csproj", "{7B298958-C49B-422D-B885-1680BFA92B6B}"
EndProject
Project("{FAE04EC0-301F-11D3-BF4B-00C04F79EFBC}") = "ProjectManagementSystem.Tests", "ProjectManagementSystem.Tests\ProjectManagementSystem.Tests.csproj", "{24088A27-B9E6-43FD-A19A-B7D20D0C590D}"
EndProject
Global
	GlobalSection(SolutionConfigurationPlatforms) = preSolution
		Debug|Any CPU = Debug|Any CPU
		Release|Any CPU = Release|Any CPU
	EndGlobalSection
	GlobalSection(ProjectConfigurationPlatforms) = postSolution
		{7B298958-C49B-422D-B885-1680BFA92B6B}.Debug|Any CPU.ActiveCfg = Debug|Any CPU
		{7B298958-C49B-422D-B885-1680BFA92B6B}.Debug|Any CPU.Build.0 = Debug|Any CPU
		{7B298958-C49B-422D-B885-1680BFA92B6B}.Release|Any CPU.ActiveCfg = Release|Any CPU
		{7B298958-C49B-422D-B885-1680BFA92B6B}.Release|Any CPU.Build.0 = Release|Any CPU
		{24088A27-B9E6-43FD-A19A-B7D20D0C590D}.Debug|Any CPU.ActiveCfg = Debug|Any CPU
		{24088A27-B9E6-43FD-A19A-B7D20D0C590D}.Debug|Any CPU.Build.0 = Debug|Any CPU
		{24088A27-B9E6-43FD-A19A-B7D20D0C590D}.Release|Any CPU.ActiveCfg = Release|Any CPU
		{24088A27-B9E6-43FD-A19A-B7D20D0C590D}.Release|Any CPU.Build.0 = Release|Any CPU
	EndGlobalSection
EndGlobal
